{
  "requires": true,
  "lockfileVersion": 1,
  "dependencies": {
    "@ngrx/router-store": {
      "version": "7.4.0",
      "resolved": "https://registry.npmjs.org/@ngrx/router-store/-/router-store-7.4.0.tgz",
      "integrity": "sha512-ZpwTO1/ha3pxO7NV3jIfnwipBN1A719IjAOgrcmI8Ut06VH3HY/7JVFTkwLN/FyuHvl4EOlAVYmMAblmrymUWA=="
    },
    "@ngrx/store-devtools": {
      "version": "7.4.0",
      "resolved": "https://registry.npmjs.org/@ngrx/store-devtools/-/store-devtools-7.4.0.tgz",
      "integrity": "sha512-ZmPpquprBYUozbLuLMLZzUhI+LnMNGMNg8x1ij9yDxXWQADcJm1Zu7kouYE1r5SoCYxKfwJ3Ia1VQfS3A5S8dw=="
    },
    "lodash.merge": {
      "version": "4.6.1",
      "resolved": "https://registry.npmjs.org/lodash.merge/-/lodash.merge-4.6.1.tgz",
      "integrity": "sha512-AOYza4+Hf5z1/0Hztxpm2/xiPZgi/cjMqdnKTUWTBSKchJlxXXuUSxCCl8rJlf4g6yww/j6mA8nC8Hw/EZWxKQ=="
    },
    "ngrx-store-localstorage": {
      "version": "7.0.0",
      "resolved": "https://registry.npmjs.org/ngrx-store-localstorage/-/ngrx-store-localstorage-7.0.0.tgz",
      "integrity": "sha512-Bpu4C1tA4L3tyD0x4rf+ff52ZAhQskWy7AWr7iREmJfh89sYA1bsRjWNr0PL1gRmEP+1l7V2cUKCH/DhLCDInQ==",
      "requires": {
        "lodash.merge": "^4.6.1"
      }
    }
  }
}
